
Microsoft Visual Studio Solution File, Format Version 12.00
# Visual Studio 15
VisualStudioVersion = 15.0.28307.1321
MinimumVisualStudioVersion = 10.0.40219.1
Project("{FAE04EC0-301F-11D3-BF4B-00C04F79EFBC}") = "StoreFront6.UI.MVC", "StoreFront6.UI.MVC\StoreFront6.UI.MVC.csproj", "{AD46E3D8-C6F6-40F7-9571-3F98EED10989}"
EndProject
Project("{FAE04EC0-301F-11D3-BF4B-00C04F79EFBC}") = "StoreFront6.DATA.EF", "StoreFront6.DATA.EF\StoreFront6.DATA.EF.csproj", "{7D054CF3-FAAD-4A8C-B0BD-943900B002CD}"
EndProject
Global
	GlobalSection(SolutionConfigurationPlatforms) = preSolution
		Debug|Any CPU = Debug|Any CPU
		Release|Any CPU = Release|Any CPU
	EndGlobalSection
	GlobalSection(ProjectConfigurationPlatforms) = postSolution
		{AD46E3D8-C6F6-40F7-9571-3F98EED10989}.Debug|Any CPU.ActiveCfg = Debug|Any CPU
		{AD46E3D8-C6F6-40F7-9571-3F98EED10989}.Debug|Any CPU.Build.0 = Debug|Any CPU
		{AD46E3D8-C6F6-40F7-9571-3F98EED10989}.Release|Any CPU.ActiveCfg = Release|Any CPU
		{AD46E3D8-C6F6-40F7-9571-3F98EED10989}.Release|Any CPU.Build.0 = Release|Any CPU
		{7D054CF3-FAAD-4A8C-B0BD-943900B002CD}.Debug|Any CPU.ActiveCfg = Debug|Any CPU
		{7D054CF3-FAAD-4A8C-B0BD-943900B002CD}.Debug|Any CPU.Build.0 = Debug|Any CPU
		{7D054CF3-FAAD-4A8C-B0BD-943900B002CD}.Release|Any CPU.ActiveCfg = Release|Any CPU
		{7D054CF3-FAAD-4A8C-B0BD-943900B002CD}.Release|Any CPU.Build.0 = Release|Any CPU
	EndGlobalSection
	GlobalSection(SolutionProperties) = preSolution
		HideSolutionNode = FALSE
	EndGlobalSection
	GlobalSection(ExtensibilityGlobals) = postSolution
		SolutionGuid = {2995A8DC-2B66-45C3-A281-68913EE921BF}
	EndGlobalSection
EndGlobal
